
Microsoft Visual Studio Solution File, Format Version 12.00
# Visual Studio Version 17
VisualStudioVersion = 17.5.33424.131
MinimumVisualStudioVersion = 10.0.40219.1
Project("{9A19103F-16F7-4668-BE54-9A1E7A4F7556}") = "IftarSaati", "IftarSaati\IftarSaati.csproj", "{CA63616B-0086-4915-B9D3-C3B3D29BFE56}"
EndProject
Project("{9A19103F-16F7-4668-BE54-9A1E7A4F7556}") = "IftarSaati.WebApi", "IftarSaati.WebApi\IftarSaati.WebApi.csproj", "{2FAF80DE-2C0E-4A08-8891-B97CE4FBF0FF}"
EndProject
Project("{9A19103F-16F7-4668-BE54-9A1E7A4F7556}") = "DataProvider", "ProvideData\DataProvider.csproj", "{3C6DB95A-AF79-4841-8CD0-D544F25BC290}"
EndProject
Global
	GlobalSection(SolutionConfigurationPlatforms) = preSolution
		Debug|Any CPU = Debug|Any CPU
		Release|Any CPU = Release|Any CPU
	EndGlobalSection
	GlobalSection(ProjectConfigurationPlatforms) = postSolution
		{CA63616B-0086-4915-B9D3-C3B3D29BFE56}.Debug|Any CPU.ActiveCfg = Debug|Any CPU
		{CA63616B-0086-4915-B9D3-C3B3D29BFE56}.Debug|Any CPU.Build.0 = Debug|Any CPU
		{CA63616B-0086-4915-B9D3-C3B3D29BFE56}.Release|Any CPU.ActiveCfg = Release|Any CPU
		{CA63616B-0086-4915-B9D3-C3B3D29BFE56}.Release|Any CPU.Build.0 = Release|Any CPU
		{2FAF80DE-2C0E-4A08-8891-B97CE4FBF0FF}.Debug|Any CPU.ActiveCfg = Debug|Any CPU
		{2FAF80DE-2C0E-4A08-8891-B97CE4FBF0FF}.Debug|Any CPU.Build.0 = Debug|Any CPU
		{2FAF80DE-2C0E-4A08-8891-B97CE4FBF0FF}.Release|Any CPU.ActiveCfg = Release|Any CPU
		{2FAF80DE-2C0E-4A08-8891-B97CE4FBF0FF}.Release|Any CPU.Build.0 = Release|Any CPU
		{3C6DB95A-AF79-4841-8CD0-D544F25BC290}.Debug|Any CPU.ActiveCfg = Debug|Any CPU
		{3C6DB95A-AF79-4841-8CD0-D544F25BC290}.Debug|Any CPU.Build.0 = Debug|Any CPU
		{3C6DB95A-AF79-4841-8CD0-D544F25BC290}.Release|Any CPU.ActiveCfg = Release|Any CPU
		{3C6DB95A-AF79-4841-8CD0-D544F25BC290}.Release|Any CPU.Build.0 = Release|Any CPU
	EndGlobalSection
	GlobalSection(SolutionProperties) = preSolution
		HideSolutionNode = FALSE
	EndGlobalSection
	GlobalSection(ExtensibilityGlobals) = postSolution
		SolutionGuid = {F7C37DF6-8BF9-45FB-BAA2-48290D60796F}
	EndGlobalSection
EndGlobal
